
Microsoft Visual Studio Solution File, Format Version 12.00
# Visual Studio Version 17
VisualStudioVersion = 17.8.34408.163
MinimumVisualStudioVersion = 10.0.40219.1
Project("{FAE04EC0-301F-11D3-BF4B-00C04F79EFBC}") = "MVCCampanha", "MVCCampanha\MVCCampanha.csproj", "{535B5154-D930-43BC-B14D-612014223438}"
EndProject
Global
	GlobalSection(SolutionConfigurationPlatforms) = preSolution
		Debug|Any CPU = Debug|Any CPU
		Release|Any CPU = Release|Any CPU
	EndGlobalSection
	GlobalSection(ProjectConfigurationPlatforms) = postSolution
		{535B5154-D930-43BC-B14D-612014223438}.Debug|Any CPU.ActiveCfg = Debug|Any CPU
		{535B5154-D930-43BC-B14D-612014223438}.Debug|Any CPU.Build.0 = Debug|Any CPU
		{535B5154-D930-43BC-B14D-612014223438}.Release|Any CPU.ActiveCfg = Release|Any CPU
		{535B5154-D930-43BC-B14D-612014223438}.Release|Any CPU.Build.0 = Release|Any CPU
	EndGlobalSection
	GlobalSection(SolutionProperties) = preSolution
		HideSolutionNode = FALSE
	EndGlobalSection
	GlobalSection(ExtensibilityGlobals) = postSolution
		SolutionGuid = {03C6793A-749F-4852-991D-7AAA626D514D}
	EndGlobalSection
EndGlobal
